{"version":4,"terraform_version":"1.11.4","serial":2,"lineage":"eb7d51de-bb1b-088e-94c7-c48cda3d20a7","outputs":{},"resources":[{"mode":"managed","type":"vault_auth_backend","name":"kubernetes","provider":"provider[\"registry.opentofu.org/hashicorp/vault\"]","instances":[{"schema_version":1,"attributes":{"accessor":"auth_kubernetes_275fee38","description":"","disable_remount":false,"id":"kubernetes","local":false,"namespace":null,"path":"kubernetes","tune":[],"type":"kubernetes"},"sensitive_attributes":[],"private":"eyJzY2hlbWFfdmVyc2lvbiI6IjEifQ=="}]},{"mode":"managed","type":"vault_kubernetes_auth_backend_role","name":"external_secrets","provider":"provider[\"registry.opentofu.org/hashicorp/vault\"]","instances":[{"schema_version":0,"attributes":{"alias_name_source":"serviceaccount_uid","audience":null,"backend":"kubernetes","bound_service_account_names":["external-secrets"],"bound_service_account_namespaces":["external-secrets"],"id":"auth/kubernetes/role/external-secrets-role","namespace":null,"role_name":"external-secrets-role","token_bound_cidrs":null,"token_explicit_max_ttl":0,"token_max_ttl":0,"token_no_default_policy":false,"token_num_uses":0,"token_period":0,"token_policies":["external-secrets-policy"],"token_ttl":3600,"token_type":"default"},"sensitive_attributes":[],"private":"bnVsbA==","dependencies":["vault_auth_backend.kubernetes","vault_mount.kvv2","vault_policy.external_secrets"]}]},{"mode":"managed","type":"vault_mount","name":"kvv2","provider":"provider[\"registry.opentofu.org/hashicorp/vault\"]","instances":[{"schema_version":0,"attributes":{"accessor":"kv_88aa2483","allowed_managed_keys":null,"audit_non_hmac_request_keys":[],"audit_non_hmac_response_keys":[],"default_lease_ttl_seconds":0,"description":"Main secret storage for applications","external_entropy_access":false,"id":"secret","local":false,"max_lease_ttl_seconds":0,"namespace":null,"options":null,"path":"secret","seal_wrap":false,"type":"kv-v2"},"sensitive_attributes":[],"private":"bnVsbA=="}]},{"mode":"managed","type":"vault_policy","name":"external_secrets","provider":"provider[\"registry.opentofu.org/hashicorp/vault\"]","instances":[{"schema_version":0,"attributes":{"id":"external-secrets-policy","name":"external-secrets-policy","namespace":null,"policy":"path \"secret/data/*\" {\n  capabilities = [\"read\"]\n}\n"},"sensitive_attributes":[],"private":"bnVsbA==","dependencies":["vault_mount.kvv2"]}]}],"check_results":null}
